
Microsoft Visual Studio Solution File, Format Version 12.00
# Visual Studio Version 17
VisualStudioVersion = 17.14.37203.1
MinimumVisualStudioVersion = 10.0.40219.1
Project("{FAE04EC0-301F-11D3-BF4B-00C04F79EFBC}") = "HelloWorld", "HelloWorld\HelloWorld.csproj", "{A2F1C39E-505B-492C-B52F-C24DA2E0D064}"
EndProject
Project("{FAE04EC0-301F-11D3-BF4B-00C04F79EFBC}") = "Input", "Input\Input.csproj", "{62DB334E-34E4-4771-9977-407ED86CB62B}"
EndProject
Project("{FAE04EC0-301F-11D3-BF4B-00C04F79EFBC}") = "HesapMakinasi", "HesapMakinasi\HesapMakinasi.csproj", "{6FA4F0A9-43DB-4831-9E9D-80906796D60F}"
EndProject
Global
	GlobalSection(SolutionConfigurationPlatforms) = preSolution
		Debug|Any CPU = Debug|Any CPU
		Release|Any CPU = Release|Any CPU
	EndGlobalSection
	GlobalSection(ProjectConfigurationPlatforms) = postSolution
		{A2F1C39E-505B-492C-B52F-C24DA2E0D064}.Debug|Any CPU.ActiveCfg = Debug|Any CPU
		{A2F1C39E-505B-492C-B52F-C24DA2E0D064}.Debug|Any CPU.Build.0 = Debug|Any CPU
		{A2F1C39E-505B-492C-B52F-C24DA2E0D064}.Release|Any CPU.ActiveCfg = Release|Any CPU
		{A2F1C39E-505B-492C-B52F-C24DA2E0D064}.Release|Any CPU.Build.0 = Release|Any CPU
		{62DB334E-34E4-4771-9977-407ED86CB62B}.Debug|Any CPU.ActiveCfg = Debug|Any CPU
		{62DB334E-34E4-4771-9977-407ED86CB62B}.Debug|Any CPU.Build.0 = Debug|Any CPU
		{62DB334E-34E4-4771-9977-407ED86CB62B}.Release|Any CPU.ActiveCfg = Release|Any CPU
		{62DB334E-34E4-4771-9977-407ED86CB62B}.Release|Any CPU.Build.0 = Release|Any CPU
		{6FA4F0A9-43DB-4831-9E9D-80906796D60F}.Debug|Any CPU.ActiveCfg = Debug|Any CPU
		{6FA4F0A9-43DB-4831-9E9D-80906796D60F}.Debug|Any CPU.Build.0 = Debug|Any CPU
		{6FA4F0A9-43DB-4831-9E9D-80906796D60F}.Release|Any CPU.ActiveCfg = Release|Any CPU
		{6FA4F0A9-43DB-4831-9E9D-80906796D60F}.Release|Any CPU.Build.0 = Release|Any CPU
	EndGlobalSection
	GlobalSection(SolutionProperties) = preSolution
		HideSolutionNode = FALSE
	EndGlobalSection
	GlobalSection(ExtensibilityGlobals) = postSolution
		SolutionGuid = {D402B1A6-A83C-4A58-9BFF-41454C28E219}
	EndGlobalSection
EndGlobal
